
Microsoft Visual Studio Solution File, Format Version 12.00
# Visual Studio Version 17
VisualStudioVersion = 17.5.002.0
MinimumVisualStudioVersion = 10.0.40219.1
Project("{9A19103F-16F7-4668-BE54-9A1E7A4F7556}") = "SqlHelpers", "SqlHelpers.csproj", "{D8024654-CC30-469D-BD7F-70C4979854F0}"
EndProject
Global
	GlobalSection(SolutionConfigurationPlatforms) = preSolution
		Debug|Any CPU = Debug|Any CPU
		Release|Any CPU = Release|Any CPU
	EndGlobalSection
	GlobalSection(ProjectConfigurationPlatforms) = postSolution
		{D8024654-CC30-469D-BD7F-70C4979854F0}.Debug|Any CPU.ActiveCfg = Debug|Any CPU
		{D8024654-CC30-469D-BD7F-70C4979854F0}.Debug|Any CPU.Build.0 = Debug|Any CPU
		{D8024654-CC30-469D-BD7F-70C4979854F0}.Release|Any CPU.ActiveCfg = Release|Any CPU
		{D8024654-CC30-469D-BD7F-70C4979854F0}.Release|Any CPU.Build.0 = Release|Any CPU
	EndGlobalSection
	GlobalSection(SolutionProperties) = preSolution
		HideSolutionNode = FALSE
	EndGlobalSection
	GlobalSection(ExtensibilityGlobals) = postSolution
		SolutionGuid = {C40739B1-9777-4010-9B4A-8D8E3B36A67D}
	EndGlobalSection
EndGlobal
